
Microsoft Visual Studio Solution File, Format Version 12.00
# Visual Studio 15
VisualStudioVersion = 15.0.25807.0
MinimumVisualStudioVersion = 10.0.40219.1
Project("{2150E333-8FDC-42A3-9474-1A3956D46DE8}") = "Engine", "Engine", "{38B45DC1-01E6-4202-8CB3-AD095B6717FA}"
EndProject
Project("{2150E333-8FDC-42A3-9474-1A3956D46DE8}") = "Games", "Games", "{7E798C9D-D8E8-46F8-A9D2-0D4CF1A4F08A}"
EndProject
Project("{8BC9CEB8-8B4A-11D0-8D11-00A0C91BC942}") = "UE4", "Intermediate\ProjectFiles\UE4.vcxproj", "{B461F046-4CED-466D-BB85-89BF6AC59DB2}"
EndProject
Project("{8BC9CEB8-8B4A-11D0-8D11-00A0C91BC942}") = "LowPolySurvival", "Intermediate\ProjectFiles\LowPolySurvival.vcxproj", "{3065E693-B35A-4415-9C34-7DB610F25ADA}"
EndProject
Project("{2150E333-8FDC-42A3-9474-1A3956D46DE8}") = "Visualizers", "Visualizers", "{4C997CA4-A918-48E1-8702-6BE1652ABBD2}"
	ProjectSection(SolutionItems) = preProject
		..\..\..\Programs\Unreal Engine\UE_4.22\Engine\Extras\VisualStudioDebugging\UE4.natvis = ..\..\..\Programs\Unreal Engine\UE_4.22\Engine\Extras\VisualStudioDebugging\UE4.natvis
	EndProjectSection
EndProject
Global
	GlobalSection(SolutionConfigurationPlatforms) = preSolution
		DebugGame Editor|HTML5 = DebugGame Editor|HTML5
		DebugGame Editor|Win32 = DebugGame Editor|Win32
		DebugGame Editor|Win64 = DebugGame Editor|Win64
		DebugGame|HTML5 = DebugGame|HTML5
		DebugGame|Win32 = DebugGame|Win32
		DebugGame|Win64 = DebugGame|Win64
		Development Editor|HTML5 = Development Editor|HTML5
		Development Editor|Win32 = Development Editor|Win32
		Development Editor|Win64 = Development Editor|Win64
		Development|HTML5 = Development|HTML5
		Development|Win32 = Development|Win32
		Development|Win64 = Development|Win64
		Shipping|HTML5 = Shipping|HTML5
		Shipping|Win32 = Shipping|Win32
		Shipping|Win64 = Shipping|Win64
	EndGlobalSection
	GlobalSection(ProjectConfigurationPlatforms) = postSolution
		{B461F046-4CED-466D-BB85-89BF6AC59DB2}.DebugGame Editor|HTML5.ActiveCfg = BuiltWithUnrealBuildTool|Win32
		{B461F046-4CED-466D-BB85-89BF6AC59DB2}.DebugGame Editor|Win32.ActiveCfg = BuiltWithUnrealBuildTool|Win32
		{B461F046-4CED-466D-BB85-89BF6AC59DB2}.DebugGame Editor|Win64.ActiveCfg = BuiltWithUnrealBuildTool|Win32
		{B461F046-4CED-466D-BB85-89BF6AC59DB2}.DebugGame|HTML5.ActiveCfg = BuiltWithUnrealBuildTool|Win32
		{B461F046-4CED-466D-BB85-89BF6AC59DB2}.DebugGame|Win32.ActiveCfg = BuiltWithUnrealBuildTool|Win32
		{B461F046-4CED-466D-BB85-89BF6AC59DB2}.DebugGame|Win64.ActiveCfg = BuiltWithUnrealBuildTool|Win32
		{B461F046-4CED-466D-BB85-89BF6AC59DB2}.Development Editor|HTML5.ActiveCfg = BuiltWithUnrealBuildTool|Win32
		{B461F046-4CED-466D-BB85-89BF6AC59DB2}.Development Editor|Win32.ActiveCfg = BuiltWithUnrealBuildTool|Win32
		{B461F046-4CED-466D-BB85-89BF6AC59DB2}.Development Editor|Win64.ActiveCfg = BuiltWithUnrealBuildTool|Win32
		{B461F046-4CED-466D-BB85-89BF6AC59DB2}.Development|HTML5.ActiveCfg = BuiltWithUnrealBuildTool|Win32
		{B461F046-4CED-466D-BB85-89BF6AC59DB2}.Development|Win32.ActiveCfg = BuiltWithUnrealBuildTool|Win32
		{B461F046-4CED-466D-BB85-89BF6AC59DB2}.Development|Win64.ActiveCfg = BuiltWithUnrealBuildTool|Win32
		{B461F046-4CED-466D-BB85-89BF6AC59DB2}.Shipping|HTML5.ActiveCfg = BuiltWithUnrealBuildTool|Win32
		{B461F046-4CED-466D-BB85-89BF6AC59DB2}.Shipping|Win32.ActiveCfg = BuiltWithUnrealBuildTool|Win32
		{B461F046-4CED-466D-BB85-89BF6AC59DB2}.Shipping|Win64.ActiveCfg = BuiltWithUnrealBuildTool|Win32
		{3065E693-B35A-4415-9C34-7DB610F25ADA}.DebugGame Editor|HTML5.ActiveCfg = Invalid|Win32
		{3065E693-B35A-4415-9C34-7DB610F25ADA}.DebugGame Editor|Win32.ActiveCfg = Invalid|Win32
		{3065E693-B35A-4415-9C34-7DB610F25ADA}.DebugGame Editor|Win64.ActiveCfg = DebugGame_Editor|x64
		{3065E693-B35A-4415-9C34-7DB610F25ADA}.DebugGame Editor|Win64.Build.0 = DebugGame_Editor|x64
		{3065E693-B35A-4415-9C34-7DB610F25ADA}.DebugGame|HTML5.ActiveCfg = HTML5_DebugGame|Win32
		{3065E693-B35A-4415-9C34-7DB610F25ADA}.DebugGame|HTML5.Build.0 = HTML5_DebugGame|Win32
		{3065E693-B35A-4415-9C34-7DB610F25ADA}.DebugGame|Win32.ActiveCfg = DebugGame|Win32
		{3065E693-B35A-4415-9C34-7DB610F25ADA}.DebugGame|Win32.Build.0 = DebugGame|Win32
		{3065E693-B35A-4415-9C34-7DB610F25ADA}.DebugGame|Win64.ActiveCfg = DebugGame|x64
		{3065E693-B35A-4415-9C34-7DB610F25ADA}.DebugGame|Win64.Build.0 = DebugGame|x64
		{3065E693-B35A-4415-9C34-7DB610F25ADA}.Development Editor|HTML5.ActiveCfg = Invalid|Win32
		{3065E693-B35A-4415-9C34-7DB610F25ADA}.Development Editor|Win32.ActiveCfg = Invalid|Win32
		{3065E693-B35A-4415-9C34-7DB610F25ADA}.Development Editor|Win64.ActiveCfg = Development_Editor|x64
		{3065E693-B35A-4415-9C34-7DB610F25ADA}.Development Editor|Win64.Build.0 = Development_Editor|x64
		{3065E693-B35A-4415-9C34-7DB610F25ADA}.Development|HTML5.ActiveCfg = HTML5_Development|Win32
		{3065E693-B35A-4415-9C34-7DB610F25ADA}.Development|HTML5.Build.0 = HTML5_Development|Win32
		{3065E693-B35A-4415-9C34-7DB610F25ADA}.Development|Win32.ActiveCfg = Development|Win32
		{3065E693-B35A-4415-9C34-7DB610F25ADA}.Development|Win32.Build.0 = Development|Win32
		{3065E693-B35A-4415-9C34-7DB610F25ADA}.Development|Win64.ActiveCfg = Development|x64
		{3065E693-B35A-4415-9C34-7DB610F25ADA}.Development|Win64.Build.0 = Development|x64
		{3065E693-B35A-4415-9C34-7DB610F25ADA}.Shipping|HTML5.ActiveCfg = HTML5_Shipping|Win32
		{3065E693-B35A-4415-9C34-7DB610F25ADA}.Shipping|HTML5.Build.0 = HTML5_Shipping|Win32
		{3065E693-B35A-4415-9C34-7DB610F25ADA}.Shipping|Win32.ActiveCfg = Shipping|Win32
		{3065E693-B35A-4415-9C34-7DB610F25ADA}.Shipping|Win32.Build.0 = Shipping|Win32
		{3065E693-B35A-4415-9C34-7DB610F25ADA}.Shipping|Win64.ActiveCfg = Shipping|x64
		{3065E693-B35A-4415-9C34-7DB610F25ADA}.Shipping|Win64.Build.0 = Shipping|x64
	EndGlobalSection
	GlobalSection(SolutionProperties) = preSolution
		HideSolutionNode = FALSE
	EndGlobalSection
	GlobalSection(NestedProjects) = preSolution
		{B461F046-4CED-466D-BB85-89BF6AC59DB2} = {38B45DC1-01E6-4202-8CB3-AD095B6717FA}
		{3065E693-B35A-4415-9C34-7DB610F25ADA} = {7E798C9D-D8E8-46F8-A9D2-0D4CF1A4F08A}
	EndGlobalSection
EndGlobal
